
Microsoft Visual Studio Solution File, Format Version 12.00
# Visual Studio Version 16
VisualStudioVersion = 16.0.31624.102
MinimumVisualStudioVersion = 10.0.40219.1
Project("{2150E333-8FDC-42A3-9474-1A3956D46DE8}") = "Services", "Services", "{7D889FD7-1CA7-4CF6-B4ED-AA18E407453D}"
EndProject
Project("{2150E333-8FDC-42A3-9474-1A3956D46DE8}") = "Catalog", "Catalog", "{D2630C67-9D21-4CCB-9C42-A6565BEFA330}"
EndProject
Project("{9A19103F-16F7-4668-BE54-9A1E7A4F7556}") = "Catalog.API", "Services\Catalog\Catalog.API\Catalog.API.csproj", "{CB10BC08-474B-4FA8-BB74-36B3438FCB40}"
EndProject
Project("{E53339B2-1760-4266-BCC7-CA923CBCF16C}") = "docker-compose", "docker-compose.dcproj", "{11131BE0-697C-44B4-9A73-6F86C7A156D4}"
EndProject
Project("{2150E333-8FDC-42A3-9474-1A3956D46DE8}") = "Basket", "Basket", "{CCD932F8-9D6A-4FAF-9613-05C57F4E3ED3}"
EndProject
Project("{9A19103F-16F7-4668-BE54-9A1E7A4F7556}") = "Basket.API", "Services\Basket\Basket.API\Basket.API.csproj", "{30B9D36A-E61A-447B-AB15-44C583403F42}"
EndProject
Project("{2150E333-8FDC-42A3-9474-1A3956D46DE8}") = "Discount", "Discount", "{A54425A9-FDC9-409A-B6FC-31B81742CA04}"
EndProject
Project("{9A19103F-16F7-4668-BE54-9A1E7A4F7556}") = "Discount.API", "Services\Discount\Discount.API\Discount.API.csproj", "{ACFB8EE1-BAFB-45DB-A728-DF4A5ECB2DF9}"
EndProject
Project("{FAE04EC0-301F-11D3-BF4B-00C04F79EFBC}") = "Discount.Grpc", "Services\Discount\Discount.Grpc\Discount.Grpc.csproj", "{242EF334-4C05-4C78-BAEE-E404BBCF3197}"
EndProject
Global
	GlobalSection(SolutionConfigurationPlatforms) = preSolution
		Debug|Any CPU = Debug|Any CPU
		Release|Any CPU = Release|Any CPU
	EndGlobalSection
	GlobalSection(ProjectConfigurationPlatforms) = postSolution
		{CB10BC08-474B-4FA8-BB74-36B3438FCB40}.Debug|Any CPU.ActiveCfg = Debug|Any CPU
		{CB10BC08-474B-4FA8-BB74-36B3438FCB40}.Debug|Any CPU.Build.0 = Debug|Any CPU
		{CB10BC08-474B-4FA8-BB74-36B3438FCB40}.Release|Any CPU.ActiveCfg = Release|Any CPU
		{CB10BC08-474B-4FA8-BB74-36B3438FCB40}.Release|Any CPU.Build.0 = Release|Any CPU
		{11131BE0-697C-44B4-9A73-6F86C7A156D4}.Debug|Any CPU.ActiveCfg = Debug|Any CPU
		{11131BE0-697C-44B4-9A73-6F86C7A156D4}.Debug|Any CPU.Build.0 = Debug|Any CPU
		{11131BE0-697C-44B4-9A73-6F86C7A156D4}.Release|Any CPU.ActiveCfg = Release|Any CPU
		{11131BE0-697C-44B4-9A73-6F86C7A156D4}.Release|Any CPU.Build.0 = Release|Any CPU
		{30B9D36A-E61A-447B-AB15-44C583403F42}.Debug|Any CPU.ActiveCfg = Debug|Any CPU
		{30B9D36A-E61A-447B-AB15-44C583403F42}.Debug|Any CPU.Build.0 = Debug|Any CPU
		{30B9D36A-E61A-447B-AB15-44C583403F42}.Release|Any CPU.ActiveCfg = Release|Any CPU
		{30B9D36A-E61A-447B-AB15-44C583403F42}.Release|Any CPU.Build.0 = Release|Any CPU
		{ACFB8EE1-BAFB-45DB-A728-DF4A5ECB2DF9}.Debug|Any CPU.ActiveCfg = Debug|Any CPU
		{ACFB8EE1-BAFB-45DB-A728-DF4A5ECB2DF9}.Debug|Any CPU.Build.0 = Debug|Any CPU
		{ACFB8EE1-BAFB-45DB-A728-DF4A5ECB2DF9}.Release|Any CPU.ActiveCfg = Release|Any CPU
		{ACFB8EE1-BAFB-45DB-A728-DF4A5ECB2DF9}.Release|Any CPU.Build.0 = Release|Any CPU
		{242EF334-4C05-4C78-BAEE-E404BBCF3197}.Debug|Any CPU.ActiveCfg = Debug|Any CPU
		{242EF334-4C05-4C78-BAEE-E404BBCF3197}.Debug|Any CPU.Build.0 = Debug|Any CPU
		{242EF334-4C05-4C78-BAEE-E404BBCF3197}.Release|Any CPU.ActiveCfg = Release|Any CPU
		{242EF334-4C05-4C78-BAEE-E404BBCF3197}.Release|Any CPU.Build.0 = Release|Any CPU
	EndGlobalSection
	GlobalSection(SolutionProperties) = preSolution
		HideSolutionNode = FALSE
	EndGlobalSection
	GlobalSection(NestedProjects) = preSolution
		{D2630C67-9D21-4CCB-9C42-A6565BEFA330} = {7D889FD7-1CA7-4CF6-B4ED-AA18E407453D}
		{CB10BC08-474B-4FA8-BB74-36B3438FCB40} = {D2630C67-9D21-4CCB-9C42-A6565BEFA330}
		{CCD932F8-9D6A-4FAF-9613-05C57F4E3ED3} = {7D889FD7-1CA7-4CF6-B4ED-AA18E407453D}
		{30B9D36A-E61A-447B-AB15-44C583403F42} = {CCD932F8-9D6A-4FAF-9613-05C57F4E3ED3}
		{A54425A9-FDC9-409A-B6FC-31B81742CA04} = {7D889FD7-1CA7-4CF6-B4ED-AA18E407453D}
		{ACFB8EE1-BAFB-45DB-A728-DF4A5ECB2DF9} = {A54425A9-FDC9-409A-B6FC-31B81742CA04}
		{242EF334-4C05-4C78-BAEE-E404BBCF3197} = {A54425A9-FDC9-409A-B6FC-31B81742CA04}
	EndGlobalSection
	GlobalSection(ExtensibilityGlobals) = postSolution
		SolutionGuid = {4F9728D8-94F4-4600-BB12-E6BCB660A835}
	EndGlobalSection
EndGlobal
